
Microsoft Visual Studio Solution File, Format Version 12.00
# Visual Studio Version 16
VisualStudioVersion = 16.0.29613.14
MinimumVisualStudioVersion = 10.0.40219.1
Project("{8BC9CEB8-8B4A-11D0-8D11-00A0C91BC942}") = "OpenBionics_Beetroot", "OpenBionics_Beetroot\OpenBionics_Beetroot.vcxproj", "{C5F80730-F44F-4478-BDAE-6634EFC2CA88}"
EndProject
Project("{8BC9CEB8-8B4A-11D0-8D11-00A0C91BC942}") = "FingerLib", "..\..\..\..\Arduino\libraries\FingerLib\FingerLib.vcxitems", "{6ECC92B5-E346-4AD9-B001-3A745D89F48A}"
EndProject
Project("{8BC9CEB8-8B4A-11D0-8D11-00A0C91BC942}") = "AccelStepper", "..\..\..\..\Arduino\libraries\AccelStepper\AccelStepper.vcxitems", "{5AC42F27-6938-4CA7-AC6D-BA6F3D0A7330}"
EndProject
Project("{8BC9CEB8-8B4A-11D0-8D11-00A0C91BC942}") = "Adafruit_BluefruitLE_nRF51", "..\..\..\..\Arduino\libraries\Adafruit_BluefruitLE_nRF51\Adafruit_BluefruitLE_nRF51.vcxitems", "{1FC08F18-3A3A-4A1B-8DC4-E5AE912B4FE4}"
EndProject
Project("{8BC9CEB8-8B4A-11D0-8D11-00A0C91BC942}") = "FlashStorage", "..\..\..\..\Arduino\libraries\FlashStorage\FlashStorage.vcxitems", "{983F1BE6-FE62-4912-9CFB-4F0F7308F3C8}"
EndProject
Project("{8BC9CEB8-8B4A-11D0-8D11-00A0C91BC942}") = "Adafruit_Motor_Shield_V2_Library", "..\..\..\..\Arduino\libraries\Adafruit_Motor_Shield_V2_Library\Adafruit_Motor_Shield_V2_Library.vcxitems", "{0EFE6DDC-0527-44AA-8020-9A15D6CAD470}"
EndProject
Project("{8BC9CEB8-8B4A-11D0-8D11-00A0C91BC942}") = "SPI-1.0", "..\..\..\..\..\Users\cliff\AppData\Local\arduino15\packages\adafruit\hardware\samd\1.5.9\libraries\SPI\SPI-1.0.vcxitems", "{BB8C2C8A-AB47-4F34-BC23-206EA579C508}"
EndProject
Project("{8BC9CEB8-8B4A-11D0-8D11-00A0C91BC942}") = "Wire-1.0", "..\..\..\..\..\Users\cliff\AppData\Local\arduino15\packages\adafruit\hardware\samd\1.5.9\libraries\Wire\Wire-1.0.vcxitems", "{07182898-F7AF-4CF4-8158-BDE564A973B2}"
EndProject
Global
	GlobalSection(SharedMSBuildProjectFiles) = preSolution
		..\..\..\..\..\Users\cliff\AppData\Local\arduino15\packages\adafruit\hardware\samd\1.5.9\libraries\Wire\Wire-1.0.vcxitems*{07182898-f7af-4cf4-8158-bde564a973b2}*SharedItemsImports = 9
		..\..\..\..\Arduino\libraries\Adafruit_Motor_Shield_V2_Library\Adafruit_Motor_Shield_V2_Library.vcxitems*{0efe6ddc-0527-44aa-8020-9a15d6cad470}*SharedItemsImports = 9
		..\..\..\..\Arduino\libraries\Adafruit_BluefruitLE_nRF51\Adafruit_BluefruitLE_nRF51.vcxitems*{1fc08f18-3a3a-4a1b-8dc4-e5ae912b4fe4}*SharedItemsImports = 9
		..\..\..\..\Arduino\libraries\AccelStepper\AccelStepper.vcxitems*{5ac42f27-6938-4ca7-ac6d-ba6f3d0a7330}*SharedItemsImports = 9
		..\..\..\..\Arduino\libraries\FingerLib\FingerLib.vcxitems*{6ecc92b5-e346-4ad9-b001-3a745d89f48a}*SharedItemsImports = 9
		..\..\..\..\Arduino\libraries\FlashStorage\FlashStorage.vcxitems*{983f1be6-fe62-4912-9cfb-4f0f7308f3c8}*SharedItemsImports = 9
		..\..\..\..\..\Users\cliff\AppData\Local\arduino15\packages\adafruit\hardware\samd\1.5.9\libraries\SPI\SPI-1.0.vcxitems*{bb8c2c8a-ab47-4f34-bc23-206ea579c508}*SharedItemsImports = 9
		..\..\..\..\..\Users\cliff\AppData\Local\arduino15\packages\adafruit\hardware\samd\1.5.9\libraries\SPI\SPI-1.0.vcxitems*{c5f80730-f44f-4478-bdae-6634efc2ca88}*SharedItemsImports = 4
		..\..\..\..\..\Users\cliff\AppData\Local\arduino15\packages\adafruit\hardware\samd\1.5.9\libraries\Wire\Wire-1.0.vcxitems*{c5f80730-f44f-4478-bdae-6634efc2ca88}*SharedItemsImports = 4
	EndGlobalSection
	GlobalSection(SolutionConfigurationPlatforms) = preSolution
		Debug|x86 = Debug|x86
		Release|x86 = Release|x86
	EndGlobalSection
	GlobalSection(ProjectConfigurationPlatforms) = postSolution
		{C5F80730-F44F-4478-BDAE-6634EFC2CA88}.Debug|x86.ActiveCfg = Debug|Win32
		{C5F80730-F44F-4478-BDAE-6634EFC2CA88}.Debug|x86.Build.0 = Debug|Win32
		{C5F80730-F44F-4478-BDAE-6634EFC2CA88}.Release|x86.ActiveCfg = Debug|Win32
		{C5F80730-F44F-4478-BDAE-6634EFC2CA88}.Release|x86.Build.0 = Debug|Win32
	EndGlobalSection
	GlobalSection(SolutionProperties) = preSolution
		HideSolutionNode = FALSE
	EndGlobalSection
	GlobalSection(ExtensibilityGlobals) = postSolution
		SolutionGuid = {72B9F032-9332-4AA0-80AB-00A32C61DAA8}
	EndGlobalSection
EndGlobal
